Microsoft Visual Studio Solution File, Format Version 12.00
# Visual Studio 2012
Project("{D6D7CF8F-F4F1-493F-A01B-164E85B8AC30}") = "QuizGameSession2", "Assembly-CSharp.csproj", "{FD4E84B7-3E7A-1A8E-7576-9D8196DF5986}"
EndProject
Project("{D6D7CF8F-F4F1-493F-A01B-164E85B8AC30}") = "QuizGameSession2", "Assembly-CSharp-Editor.csproj", "{42797643-E738-5CF4-EE53-6B0A76CA5FAB}"
EndProject
Global
	GlobalSection(SolutionConfigurationPlatforms) = preSolution
		Debug|Any CPU = Debug|Any CPU
		Release|Any CPU = Release|Any CPU
	EndGlobalSection
	GlobalSection(ProjectConfigurationPlatforms) = postSolution
		{FD4E84B7-3E7A-1A8E-7576-9D8196DF5986}.Debug|Any CPU.ActiveCfg = Debug|Any CPU
		{FD4E84B7-3E7A-1A8E-7576-9D8196DF5986}.Debug|Any CPU.Build.0 = Debug|Any CPU
		{FD4E84B7-3E7A-1A8E-7576-9D8196DF5986}.Release|Any CPU.ActiveCfg = Release|Any CPU
		{FD4E84B7-3E7A-1A8E-7576-9D8196DF5986}.Release|Any CPU.Build.0 = Release|Any CPU
		{42797643-E738-5CF4-EE53-6B0A76CA5FAB}.Debug|Any CPU.ActiveCfg = Debug|Any CPU
		{42797643-E738-5CF4-EE53-6B0A76CA5FAB}.Debug|Any CPU.Build.0 = Debug|Any CPU
		{42797643-E738-5CF4-EE53-6B0A76CA5FAB}.Release|Any CPU.ActiveCfg = Release|Any CPU
		{42797643-E738-5CF4-EE53-6B0A76CA5FAB}.Release|Any CPU.Build.0 = Release|Any CPU
	EndGlobalSection
	GlobalSection(MonoDevelopProperties) = preSolution
		StartupItem = Assembly-CSharp.csproj
	EndGlobalSection
EndGlobal
